// !$*UTF8*$!
{
	archiveVersion = 1;
	classes = {
	};
	objectVersion = 56;
	objects = {

/* Begin PBXBuildFile section */
		8245A0D42982A58E00A955A4 /* AppDelegate.swift in Sources */ = {isa = PBXBuildFile; fileRef = 8245A0D32982A58E00A955A4 /* AppDelegate.swift */; };
		8245A0D62982A58E00A955A4 /* SceneDelegate.swift in Sources */ = {isa = PBXBuildFile; fileRef = 8245A0D52982A58E00A955A4 /* SceneDelegate.swift */; };
		8245A0D82982A58E00A955A4 /* ViewController.swift in Sources */ = {isa = PBXBuildFile; fileRef = 8245A0D72982A58E00A955A4 /* ViewController.swift */; };
		8245A0DD2982A58F00A955A4 /* Assets.xcassets in Resources */ = {isa = PBXBuildFile; fileRef = 8245A0DC2982A58F00A955A4 /* Assets.xcassets */; };
		8245A0E02982A58F00A955A4 /* LaunchScreen.storyboard in Resources */ = {isa = PBXBuildFile; fileRef = 8245A0DE2982A58F00A955A4 /* LaunchScreen.storyboard */; };
		8245A0F52982A5E100A955A4 /* MVVMModelTests.swift in Sources */ = {isa = PBXBuildFile; fileRef = 8245A0F42982A5E100A955A4 /* MVVMModelTests.swift */; };
		8245A0FA2982A75D00A955A4 /* MVVMViewModelTests.swift in Sources */ = {isa = PBXBuildFile; fileRef = 8245A0F92982A75D00A955A4 /* MVVMViewModelTests.swift */; };
		8245A0FC2982A78800A955A4 /* UserModel.swift in Sources */ = {isa = PBXBuildFile; fileRef = 8245A0FB2982A78800A955A4 /* UserModel.swift */; };
/* End PBXBuildFile section */

/* Begin PBXContainerItemProxy section */
		8245A0EF2982A5D300A955A4 /* PBXContainerItemProxy */ = {
			isa = PBXContainerItemProxy;
			containerPortal = 8245A0C82982A58E00A955A4 /* Project object */;
			proxyType = 1;
			remoteGlobalIDString = 8245A0CF2982A58E00A955A4;
			remoteInfo = MVVMApiTest;
		};
/* End PBXContainerItemProxy section */

/* Begin PBXFileReference section */
		8245A0D02982A58E00A955A4 /* MVVMApiTest.app */ = {isa = PBXFileReference; explicitFileType = wrapper.application; includeInIndex = 0; path = MVVMApiTest.app; sourceTree = BUILT_PRODUCTS_DIR; };
		8245A0D32982A58E00A955A4 /* AppDelegate.swift */ = {isa = PBXFileReference; lastKnownFileType = sourcecode.swift; path = AppDelegate.swift; sourceTree = "<group>"; };
		8245A0D52982A58E00A955A4 /* SceneDelegate.swift */ = {isa = PBXFileReference; lastKnownFileType = sourcecode.swift; path = SceneDelegate.swift; sourceTree = "<group>"; };
		8245A0D72982A58E00A955A4 /* ViewController.swift */ = {isa = PBXFileReference; lastKnownFileType = sourcecode.swift; path = ViewController.swift; sourceTree = "<group>"; };
		8245A0DC2982A58F00A955A4 /* Assets.xcassets */ = {isa = PBXFileReference; lastKnownFileType = folder.assetcatalog; path = Assets.xcassets; sourceTree = "<group>"; };
		8245A0DF2982A58F00A955A4 /* Base */ = {isa = PBXFileReference; lastKnownFileType = file.storyboard; name = Base; path = Base.lproj/LaunchScreen.storyboard; sourceTree = "<group>"; };
		8245A0E12982A58F00A955A4 /* Info.plist */ = {isa = PBXFileReference; lastKnownFileType = text.plist.xml; path = Info.plist; sourceTree = "<group>"; };
		8245A0EB2982A5D300A955A4 /* MVVMApiTestTests.xctest */ = {isa = PBXFileReference; explicitFileType = wrapper.cfbundle; includeInIndex = 0; path = MVVMApiTestTests.xctest; sourceTree = BUILT_PRODUCTS_DIR; };
		8245A0F42982A5E100A955A4 /* MVVMModelTests.swift */ = {isa = PBXFileReference; lastKnownFileType = sourcecode.swift; path = MVVMModelTests.swift; sourceTree = "<group>"; };
		8245A0F92982A75D00A955A4 /* MVVMViewModelTests.swift */ = {isa = PBXFileReference; lastKnownFileType = sourcecode.swift; path = MVVMViewModelTests.swift; sourceTree = "<group>"; };
		8245A0FB2982A78800A955A4 /* UserModel.swift */ = {isa = PBXFileReference; lastKnownFileType = sourcecode.swift; path = UserModel.swift; sourceTree = "<group>"; };
/* End PBXFileReference section */

/* Begin PBXFrameworksBuildPhase section */
		8245A0CD2982A58E00A955A4 /* Frameworks */ = {
			isa = PBXFrameworksBuildPhase;
			buildActionMask = 2147483647;
			files = (
			);
			runOnlyForDeploymentPostprocessing = 0;
		};
		8245A0E82982A5D300A955A4 /* Frameworks */ = {
			isa = PBXFrameworksBuildPhase;
			buildActionMask = 2147483647;
			files = (
			);
			runOnlyForDeploymentPostprocessing = 0;
		};
/* End PBXFrameworksBuildPhase section */

/* Begin PBXGroup section */
		8245A0C72982A58E00A955A4 = {
			isa = PBXGroup;
			children = (
				8245A0D22982A58E00A955A4 /* MVVMApiTest */,
				8245A0EC2982A5D300A955A4 /* MVVMApiTestTests */,
				8245A0D12982A58E00A955A4 /* Products */,
			);
			sourceTree = "<group>";
		};
		8245A0D12982A58E00A955A4 /* Products */ = {
			isa = PBXGroup;
			children = (
				8245A0D02982A58E00A955A4 /* MVVMApiTest.app */,
				8245A0EB2982A5D300A955A4 /* MVVMApiTestTests.xctest */,
			);
			name = Products;
			sourceTree = "<group>";
		};
		8245A0D22982A58E00A955A4 /* MVVMApiTest */ = {
			isa = PBXGroup;
			children = (
				8245A0F82982A70C00A955A4 /* Controller */,
				8245A0F72982A70500A955A4 /* ViewModel */,
				8245A0F62982A6FE00A955A4 /* Model */,
				8245A0D32982A58E00A955A4 /* AppDelegate.swift */,
				8245A0D52982A58E00A955A4 /* SceneDelegate.swift */,
				8245A0D72982A58E00A955A4 /* ViewController.swift */,
				8245A0DC2982A58F00A955A4 /* Assets.xcassets */,
				8245A0DE2982A58F00A955A4 /* LaunchScreen.storyboard */,
				8245A0E12982A58F00A955A4 /* Info.plist */,
			);
			path = MVVMApiTest;
			sourceTree = "<group>";
		};
		8245A0EC2982A5D300A955A4 /* MVVMApiTestTests */ = {
			isa = PBXGroup;
			children = (
				8245A0F42982A5E100A955A4 /* MVVMModelTests.swift */,
				8245A0F92982A75D00A955A4 /* MVVMViewModelTests.swift */,
			);
			path = MVVMApiTestTests;
			sourceTree = "<group>";
		};
		8245A0F62982A6FE00A955A4 /* Model */ = {
			isa = PBXGroup;
			children = (
				8245A0FB2982A78800A955A4 /* UserModel.swift */,
			);
			path = Model;
			sourceTree = "<group>";
		};
		8245A0F72982A70500A955A4 /* ViewModel */ = {
			isa = PBXGroup;
			children = (
			);
			path = ViewModel;
			sourceTree = "<group>";
		};
		8245A0F82982A70C00A955A4 /* Controller */ = {
			isa = PBXGroup;
			children = (
			);
			path = Controller;
			sourceTree = "<group>";
		};
/* End PBXGroup section */

/* Begin PBXNativeTarget section */
		8245A0CF2982A58E00A955A4 /* MVVMApiTest */ = {
			isa = PBXNativeTarget;
			buildConfigurationList = 8245A0E42982A58F00A955A4 /* Build configuration list for PBXNativeTarget "MVVMApiTest" */;
			buildPhases = (
				8245A0CC2982A58E00A955A4 /* Sources */,
				8245A0CD2982A58E00A955A4 /* Frameworks */,
				8245A0CE2982A58E00A955A4 /* Resources */,
			);
			buildRules = (
			);
			dependencies = (
			);
			name = MVVMApiTest;
			productName = MVVMApiTest;
			productReference = 8245A0D02982A58E00A955A4 /* MVVMApiTest.app */;
			productType = "com.apple.product-type.application";
		};
		8245A0EA2982A5D300A955A4 /* MVVMApiTestTests */ = {
			isa = PBXNativeTarget;
			buildConfigurationList = 8245A0F12982A5D300A955A4 /* Build configuration list for PBXNativeTarget "MVVMApiTestTests" */;
			buildPhases = (
				8245A0E72982A5D300A955A4 /* Sources */,
				8245A0E82982A5D300A955A4 /* Frameworks */,
				8245A0E92982A5D300A955A4 /* Resources */,
			);
			buildRules = (
			);
			dependencies = (
				8245A0F02982A5D300A955A4 /* PBXTargetDependency */,
			);
			name = MVVMApiTestTests;
			productName = MVVMApiTestTests;
			productReference = 8245A0EB2982A5D300A955A4 /* MVVMApiTestTests.xctest */;
			productType = "com.apple.product-type.bundle.unit-test";
		};
/* End PBXNativeTarget section */

/* Begin PBXProject section */
		8245A0C82982A58E00A955A4 /* Project object */ = {
			isa = PBXProject;
			attributes = {
				BuildIndependentTargetsInParallel = 1;
				LastSwiftUpdateCheck = 1420;
				LastUpgradeCheck = 1420;
				TargetAttributes = {
					8245A0CF2982A58E00A955A4 = {
						CreatedOnToolsVersion = 14.2;
					};
					8245A0EA2982A5D300A955A4 = {
						CreatedOnToolsVersion = 14.2;
						TestTargetID = 8245A0CF2982A58E00A955A4;
					};
				};
			};
			buildConfigurationList = 8245A0CB2982A58E00A955A4 /* Build configuration list for PBXProject "MVVMApiTest" */;
			compatibilityVersion = "Xcode 14.0";
			developmentRegion = en;
			hasScannedForEncodings = 0;
			knownRegions = (
				en,
				Base,
			);
			mainGroup = 8245A0C72982A58E00A955A4;
			productRefGroup = 8245A0D12982A58E00A955A4 /* Products */;
			projectDirPath = "";
			projectRoot = "";
			targets = (
				8245A0CF2982A58E00A955A4 /* MVVMApiTest */,
				8245A0EA2982A5D300A955A4 /* MVVMApiTestTests */,
			);
		};
/* End PBXProject section */

/* Begin PBXResourcesBuildPhase section */
		8245A0CE2982A58E00A955A4 /* Resources */ = {
			isa = PBXResourcesBuildPhase;
			buildActionMask = 2147483647;
			files = (
				8245A0E02982A58F00A955A4 /* LaunchScreen.storyboard in Resources */,
				8245A0DD2982A58F00A955A4 /* Assets.xcassets in Resources */,
			);
			runOnlyForDeploymentPostprocessing = 0;
		};
		8245A0E92982A5D300A955A4 /* Resources */ = {
			isa = PBXResourcesBuildPhase;
			buildActionMask = 2147483647;
			files = (
			);
			runOnlyForDeploymentPostprocessing = 0;
		};
/* End PBXResourcesBuildPhase section */

/* Begin PBXSourcesBuildPhase section */
		8245A0CC2982A58E00A955A4 /* Sources */ = {
			isa = PBXSourcesBuildPhase;
			buildActionMask = 2147483647;
			files = (
				8245A0D82982A58E00A955A4 /* ViewController.swift in Sources */,
				8245A0D42982A58E00A955A4 /* AppDelegate.swift in Sources */,
				8245A0FC2982A78800A955A4 /* UserModel.swift in Sources */,
				8245A0D62982A58E00A955A4 /* SceneDelegate.swift in Sources */,
			);
			runOnlyForDeploymentPostprocessing = 0;
		};
		8245A0E72982A5D300A955A4 /* Sources */ = {
			isa = PBXSourcesBuildPhase;
			buildActionMask = 2147483647;
			files = (
				8245A0F52982A5E100A955A4 /* MVVMModelTests.swift in Sources */,
				8245A0FA2982A75D00A955A4 /* MVVMViewModelTests.swift in Sources */,
			);
			runOnlyForDeploymentPostprocessing = 0;
		};
/* End PBXSourcesBuildPhase section */

/* Begin PBXTargetDependency section */
		8245A0F02982A5D300A955A4 /* PBXTargetDependency */ = {
			isa = PBXTargetDependency;
			target = 8245A0CF2982A58E00A955A4 /* MVVMApiTest */;
			targetProxy = 8245A0EF2982A5D300A955A4 /* PBXContainerItemProxy */;
		};
/* End PBXTargetDependency section */

/* Begin PBXVariantGroup section */
		8245A0DE2982A58F00A955A4 /* LaunchScreen.storyboard */ = {
			isa = PBXVariantGroup;
			children = (
				8245A0DF2982A58F00A955A4 /* Base */,
			);
			name = LaunchScreen.storyboard;
			sourceTree = "<group>";
		};
/* End PBXVariantGroup section */

/* Begin XCBuildConfiguration section */
		8245A0E22982A58F00A955A4 /* Debug */ = {
			isa = XCBuildConfiguration;
			buildSettings = {
				ALWAYS_SEARCH_USER_PATHS = NO;
				CLANG_ANALYZER_NONNULL = YES;
				CLANG_ANALYZER_NUMBER_OBJECT_CONVERSION = YES_AGGRESSIVE;
				CLANG_CXX_LANGUAGE_STANDARD = "gnu++20";
				CLANG_ENABLE_MODULES = YES;
				CLANG_ENABLE_OBJC_ARC = YES;
				CLANG_ENABLE_OBJC_WEAK = YES;
				CLANG_WARN_BLOCK_CAPTURE_AUTORELEASING = YES;
				CLANG_WARN_BOOL_CONVERSION = YES;
				CLANG_WARN_COMMA = YES;
				CLANG_WARN_CONSTANT_CONVERSION = YES;
				CLANG_WARN_DEPRECATED_OBJC_IMPLEMENTATIONS = YES;
				CLANG_WARN_DIRECT_OBJC_ISA_USAGE = YES_ERROR;
				CLANG_WARN_DOCUMENTATION_COMMENTS = YES;
				CLANG_WARN_EMPTY_BODY = YES;
				CLANG_WARN_ENUM_CONVERSION = YES;
				CLANG_WARN_INFINITE_RECURSION = YES;
				CLANG_WARN_INT_CONVERSION = YES;
				CLANG_WARN_NON_LITERAL_NULL_CONVERSION = YES;
				CLANG_WARN_OBJC_IMPLICIT_RETAIN_SELF = YES;
				CLANG_WARN_OBJC_LITERAL_CONVERSION = YES;
				CLANG_WARN_OBJC_ROOT_CLASS = YES_ERROR;
				CLANG_WARN_QUOTED_INCLUDE_IN_FRAMEWORK_HEADER = YES;
				CLANG_WARN_RANGE_LOOP_ANALYSIS = YES;
				CLANG_WARN_STRICT_PROTOTYPES = YES;
				CLANG_WARN_SUSPICIOUS_MOVE = YES;
				CLANG_WARN_UNGUARDED_AVAILABILITY = YES_AGGRESSIVE;
				CLANG_WARN_UNREACHABLE_CODE = YES;
				CLANG_WARN__DUPLICATE_METHOD_MATCH = YES;
				COPY_PHASE_STRIP = NO;
				DEBUG_INFORMATION_FORMAT = dwarf;
				ENABLE_STRICT_OBJC_MSGSEND = YES;
				ENABLE_TESTABILITY = YES;
				GCC_C_LANGUAGE_STANDARD = gnu11;
				GCC_DYNAMIC_NO_PIC = NO;
				GCC_NO_COMMON_BLOCKS = YES;
				GCC_OPTIMIZATION_LEVEL = 0;
				GCC_PREPROCESSOR_DEFINITIONS = (
					"DEBUG=1",
					"$(inherited)",
				);
				GCC_WARN_64_TO_32_BIT_CONVERSION = YES;
				GCC_WARN_ABOUT_RETURN_TYPE = YES_ERROR;
				GCC_WARN_UNDECLARED_SELECTOR = YES;
				GCC_WARN_UNINITIALIZED_AUTOS = YES_AGGRESSIVE;
				GCC_WARN_UNUSED_FUNCTION = YES;
				GCC_WARN_UNUSED_VARIABLE = YES;
				IPHONEOS_DEPLOYMENT_TARGET = 16.2;
				MTL_ENABLE_DEBUG_INFO = INCLUDE_SOURCE;
				MTL_FAST_MATH = YES;
				ONLY_ACTIVE_ARCH = YES;
				SDKROOT = iphoneos;
				SWIFT_ACTIVE_COMPILATION_CONDITIONS = DEBUG;
				SWIFT_OPTIMIZATION_LEVEL = "-Onone";
			};
			name = Debug;
		};
		8245A0E32982A58F00A955A4 /* Release */ = {
			isa = XCBuildConfiguration;
			buildSettings = {
				ALWAYS_SEARCH_USER_PATHS = NO;
				CLANG_ANALYZER_NONNULL = YES;
				CLANG_ANALYZER_NUMBER_OBJECT_CONVERSION = YES_AGGRESSIVE;
				CLANG_CXX_LANGUAGE_STANDARD = "gnu++20";
				CLANG_ENABLE_MODULES = YES;
				CLANG_ENABLE_OBJC_ARC = YES;
				CLANG_ENABLE_OBJC_WEAK = YES;
				CLANG_WARN_BLOCK_CAPTURE_AUTORELEASING = YES;
				CLANG_WARN_BOOL_CONVERSION = YES;
				CLANG_WARN_COMMA = YES;
				CLANG_WARN_CONSTANT_CONVERSION = YES;
				CLANG_WARN_DEPRECATED_OBJC_IMPLEMENTATIONS = YES;
				CLANG_WARN_DIRECT_OBJC_ISA_USAGE = YES_ERROR;
				CLANG_WARN_DOCUMENTATION_COMMENTS = YES;
				CLANG_WARN_EMPTY_BODY = YES;
				CLANG_WARN_ENUM_CONVERSION = YES;
				CLANG_WARN_INFINITE_RECURSION = YES;
				CLANG_WARN_INT_CONVERSION = YES;
				CLANG_WARN_NON_LITERAL_NULL_CONVERSION = YES;
				CLANG_WARN_OBJC_IMPLICIT_RETAIN_SELF = YES;
				CLANG_WARN_OBJC_LITERAL_CONVERSION = YES;
				CLANG_WARN_OBJC_ROOT_CLASS = YES_ERROR;
				CLANG_WARN_QUOTED_INCLUDE_IN_FRAMEWORK_HEADER = YES;
				CLANG_WARN_RANGE_LOOP_ANALYSIS = YES;
				CLANG_WARN_STRICT_PROTOTYPES = YES;
				CLANG_WARN_SUSPICIOUS_MOVE = YES;
				CLANG_WARN_UNGUARDED_AVAILABILITY = YES_AGGRESSIVE;
				CLANG_WARN_UNREACHABLE_CODE = YES;
				CLANG_WARN__DUPLICATE_METHOD_MATCH = YES;
				COPY_PHASE_STRIP = NO;
				DEBUG_INFORMATION_FORMAT = "dwarf-with-dsym";
				ENABLE_NS_ASSERTIONS = NO;
				ENABLE_STRICT_OBJC_MSGSEND = YES;
				GCC_C_LANGUAGE_STANDARD = gnu11;
				GCC_NO_COMMON_BLOCKS = YES;
				GCC_WARN_64_TO_32_BIT_CONVERSION = YES;
				GCC_WARN_ABOUT_RETURN_TYPE = YES_ERROR;
				GCC_WARN_UNDECLARED_SELECTOR = YES;
				GCC_WARN_UNINITIALIZED_AUTOS = YES_AGGRESSIVE;
				GCC_WARN_UNUSED_FUNCTION = YES;
				GCC_WARN_UNUSED_VARIABLE = YES;
				IPHONEOS_DEPLOYMENT_TARGET = 16.2;
				MTL_ENABLE_DEBUG_INFO = NO;
				MTL_FAST_MATH = YES;
				SDKROOT = iphoneos;
				SWIFT_COMPILATION_MODE = wholemodule;
				SWIFT_OPTIMIZATION_LEVEL = "-O";
				VALIDATE_PRODUCT = YES;
			};
			name = Release;
		};
		8245A0E52982A58F00A955A4 /* Debug */ = {
			isa = XCBuildConfiguration;
			buildSettings = {
				ASSETCATALOG_COMPILER_APPICON_NAME = AppIcon;
				ASSETCATALOG_COMPILER_GLOBAL_ACCENT_COLOR_NAME = AccentColor;
				CODE_SIGN_STYLE = Automatic;
				CURRENT_PROJECT_VERSION = 1;
				DEVELOPMENT_TEAM = UMQAGMF379;
				GENERATE_INFOPLIST_FILE = YES;
				INFOPLIST_FILE = MVVMApiTest/Info.plist;
				INFOPLIST_KEY_UIApplicationSupportsIndirectInputEvents = YES;
				INFOPLIST_KEY_UILaunchStoryboardName = LaunchScreen;
				INFOPLIST_KEY_UISupportedInterfaceOrientations_iPad = "UIInterfaceOrientationPortrait UIInterfaceOrientationPortraitUpsideDown UIInterfaceOrientationLandscapeLeft UIInterfaceOrientationLandscapeRight";
				INFOPLIST_KEY_UISupportedInterfaceOrientations_iPhone = "UIInterfaceOrientationPortrait UIInterfaceOrientationLandscapeLeft UIInterfaceOrientationLandscapeRight";
				LD_RUNPATH_SEARCH_PATHS = (
					"$(inherited)",
					"@executable_path/Frameworks",
				);
				MARKETING_VERSION = 1.0;
				PRODUCT_BUNDLE_IDENTIFIER = com.IssapTechnologies.MVVMApiTest;
				PRODUCT_NAME = "$(TARGET_NAME)";
				SWIFT_EMIT_LOC_STRINGS = YES;
				SWIFT_VERSION = 5.0;
				TARGETED_DEVICE_FAMILY = "1,2";
			};
			name = Debug;
		};
		8245A0E62982A58F00A955A4 /* Release */ = {
			isa = XCBuildConfiguration;
			buildSettings = {
				ASSETCATALOG_COMPILER_APPICON_NAME = AppIcon;
				ASSETCATALOG_COMPILER_GLOBAL_ACCENT_COLOR_NAME = AccentColor;
				CODE_SIGN_STYLE = Automatic;
				CURRENT_PROJECT_VERSION = 1;
				DEVELOPMENT_TEAM = UMQAGMF379;
				GENERATE_INFOPLIST_FILE = YES;
				INFOPLIST_FILE = MVVMApiTest/Info.plist;
				INFOPLIST_KEY_UIApplicationSupportsIndirectInputEvents = YES;
				INFOPLIST_KEY_UILaunchStoryboardName = LaunchScreen;
				INFOPLIST_KEY_UISupportedInterfaceOrientations_iPad = "UIInterfaceOrientationPortrait UIInterfaceOrientationPortraitUpsideDown UIInterfaceOrientationLandscapeLeft UIInterfaceOrientationLandscapeRight";
				INFOPLIST_KEY_UISupportedInterfaceOrientations_iPhone = "UIInterfaceOrientationPortrait UIInterfaceOrientationLandscapeLeft UIInterfaceOrientationLandscapeRight";
				LD_RUNPATH_SEARCH_PATHS = (
					"$(inherited)",
					"@executable_path/Frameworks",
				);
				MARKETING_VERSION = 1.0;
				PRODUCT_BUNDLE_IDENTIFIER = com.IssapTechnologies.MVVMApiTest;
				PRODUCT_NAME = "$(TARGET_NAME)";
				SWIFT_EMIT_LOC_STRINGS = YES;
				SWIFT_VERSION = 5.0;
				TARGETED_DEVICE_FAMILY = "1,2";
			};
			name = Release;
		};
		8245A0F22982A5D300A955A4 /* Debug */ = {
			isa = XCBuildConfiguration;
			buildSettings = {
				BUNDLE_LOADER = "$(TEST_HOST)";
				CODE_SIGN_STYLE = Automatic;
				CURRENT_PROJECT_VERSION = 1;
				DEVELOPMENT_TEAM = UMQAGMF379;
				GENERATE_INFOPLIST_FILE = YES;
				MARKETING_VERSION = 1.0;
				PRODUCT_BUNDLE_IDENTIFIER = com.IssapTechnologies.MVVMApiTestTests;
				PRODUCT_NAME = "$(TARGET_NAME)";
				SWIFT_EMIT_LOC_STRINGS = NO;
				SWIFT_VERSION = 5.0;
				TARGETED_DEVICE_FAMILY = "1,2";
				TEST_HOST = "$(BUILT_PRODUCTS_DIR)/MVVMApiTest.app/$(BUNDLE_EXECUTABLE_FOLDER_PATH)/MVVMApiTest";
			};
			name = Debug;
		};
		8245A0F32982A5D300A955A4 /* Release */ = {
			isa = XCBuildConfiguration;
			buildSettings = {
				BUNDLE_LOADER = "$(TEST_HOST)";
				CODE_SIGN_STYLE = Automatic;
				CURRENT_PROJECT_VERSION = 1;
				DEVELOPMENT_TEAM = UMQAGMF379;
				GENERATE_INFOPLIST_FILE = YES;
				MARKETING_VERSION = 1.0;
				PRODUCT_BUNDLE_IDENTIFIER = com.IssapTechnologies.MVVMApiTestTests;
				PRODUCT_NAME = "$(TARGET_NAME)";
				SWIFT_EMIT_LOC_STRINGS = NO;
				SWIFT_VERSION = 5.0;
				TARGETED_DEVICE_FAMILY = "1,2";
				TEST_HOST = "$(BUILT_PRODUCTS_DIR)/MVVMApiTest.app/$(BUNDLE_EXECUTABLE_FOLDER_PATH)/MVVMApiTest";
			};
			name = Release;
		};
/* End XCBuildConfiguration section */

/* Begin XCConfigurationList section */
		8245A0CB2982A58E00A955A4 /* Build configuration list for PBXProject "MVVMApiTest" */ = {
			isa = XCConfigurationList;
			buildConfigurations = (
				8245A0E22982A58F00A955A4 /* Debug */,
				8245A0E32982A58F00A955A4 /* Release */,
			);
			defaultConfigurationIsVisible = 0;
			defaultConfigurationName = Release;
		};
		8245A0E42982A58F00A955A4 /* Build configuration list for PBXNativeTarget "MVVMApiTest" */ = {
			isa = XCConfigurationList;
			buildConfigurations = (
				8245A0E52982A58F00A955A4 /* Debug */,
				8245A0E62982A58F00A955A4 /* Release */,
			);
			defaultConfigurationIsVisible = 0;
			defaultConfigurationName = Release;
		};
		8245A0F12982A5D300A955A4 /* Build configuration list for PBXNativeTarget "MVVMApiTestTests" */ = {
			isa = XCConfigurationList;
			buildConfigurations = (
				8245A0F22982A5D300A955A4 /* Debug */,
				8245A0F32982A5D300A955A4 /* Release */,
			);
			defaultConfigurationIsVisible = 0;
			defaultConfigurationName = Release;
		};
/* End XCConfigurationList section */
	};
	rootObject = 8245A0C82982A58E00A955A4 /* Project object */;
}
